
Microsoft Visual Studio Solution File, Format Version 12.00
# Visual Studio Version 16
VisualStudioVersion = 16.0.30204.135
MinimumVisualStudioVersion = 10.0.40219.1
Project("{FAE04EC0-301F-11D3-BF4B-00C04F79EFBC}") = "ConsoleApp3", "ConsoleApp3\ConsoleApp3.csproj", "{A8C86605-2642-48B4-B3D1-597AC758FB18}"
EndProject
Global
	GlobalSection(SolutionConfigurationPlatforms) = preSolution
		Debug|Any CPU = Debug|Any CPU
		Release|Any CPU = Release|Any CPU
	EndGlobalSection
	GlobalSection(ProjectConfigurationPlatforms) = postSolution
		{A8C86605-2642-48B4-B3D1-597AC758FB18}.Debug|Any CPU.ActiveCfg = Debug|Any CPU
		{A8C86605-2642-48B4-B3D1-597AC758FB18}.Debug|Any CPU.Build.0 = Debug|Any CPU
		{A8C86605-2642-48B4-B3D1-597AC758FB18}.Release|Any CPU.ActiveCfg = Release|Any CPU
		{A8C86605-2642-48B4-B3D1-597AC758FB18}.Release|Any CPU.Build.0 = Release|Any CPU
	EndGlobalSection
	GlobalSection(SolutionProperties) = preSolution
		HideSolutionNode = FALSE
	EndGlobalSection
	GlobalSection(ExtensibilityGlobals) = postSolution
		SolutionGuid = {E9DBFFE2-B453-4C85-8426-91E5D9DB8D68}
	EndGlobalSection
EndGlobal
