
Microsoft Visual Studio Solution File, Format Version 12.00
# Visual Studio Version 16
VisualStudioVersion = 16.0.30204.135
MinimumVisualStudioVersion = 10.0.40219.1
Project("{FAE04EC0-301F-11D3-BF4B-00C04F79EFBC}") = "ConsoleApp11", "ConsoleApp11\ConsoleApp11.csproj", "{F743A07C-669C-4904-8550-A135E937B029}"
EndProject
Global
	GlobalSection(SolutionConfigurationPlatforms) = preSolution
		Debug|Any CPU = Debug|Any CPU
		Release|Any CPU = Release|Any CPU
	EndGlobalSection
	GlobalSection(ProjectConfigurationPlatforms) = postSolution
		{F743A07C-669C-4904-8550-A135E937B029}.Debug|Any CPU.ActiveCfg = Debug|Any CPU
		{F743A07C-669C-4904-8550-A135E937B029}.Debug|Any CPU.Build.0 = Debug|Any CPU
		{F743A07C-669C-4904-8550-A135E937B029}.Release|Any CPU.ActiveCfg = Release|Any CPU
		{F743A07C-669C-4904-8550-A135E937B029}.Release|Any CPU.Build.0 = Release|Any CPU
	EndGlobalSection
	GlobalSection(SolutionProperties) = preSolution
		HideSolutionNode = FALSE
	EndGlobalSection
	GlobalSection(ExtensibilityGlobals) = postSolution
		SolutionGuid = {A317DA17-439E-4B1B-981D-FCCDA9C68A13}
	EndGlobalSection
EndGlobal
